
Microsoft Visual Studio Solution File, Format Version 12.00
# Visual Studio Version 17
VisualStudioVersion = 17.0.31903.59
MinimumVisualStudioVersion = 10.0.40219.1
Project("{2150E333-8FDC-42A3-9474-1A3956D46DE8}") = "Service", "Service", "{A6F660D3-A7CC-4512-A7C0-824CC4A2CBC3}"
EndProject
Project("{9A19103F-16F7-4668-BE54-9A1E7A4F7556}") = "HumanResources.Service", "..\HumanResources\HumanResources.Service\HumanResources.Service.csproj", "{CD472832-9075-485B-A8A1-2474470DACED}"
EndProject
Global
	GlobalSection(SolutionConfigurationPlatforms) = preSolution
		Debug|Any CPU = Debug|Any CPU
		Release|Any CPU = Release|Any CPU
	EndGlobalSection
	GlobalSection(ProjectConfigurationPlatforms) = postSolution
		{CD472832-9075-485B-A8A1-2474470DACED}.Debug|Any CPU.ActiveCfg = Debug|Any CPU
		{CD472832-9075-485B-A8A1-2474470DACED}.Debug|Any CPU.Build.0 = Debug|Any CPU
		{CD472832-9075-485B-A8A1-2474470DACED}.Release|Any CPU.ActiveCfg = Release|Any CPU
		{CD472832-9075-485B-A8A1-2474470DACED}.Release|Any CPU.Build.0 = Release|Any CPU
	EndGlobalSection
	GlobalSection(SolutionProperties) = preSolution
		HideSolutionNode = FALSE
	EndGlobalSection
	GlobalSection(NestedProjects) = preSolution
		{CD472832-9075-485B-A8A1-2474470DACED} = {A6F660D3-A7CC-4512-A7C0-824CC4A2CBC3}
	EndGlobalSection
	GlobalSection(ExtensibilityGlobals) = postSolution
		SolutionGuid = {631C59E5-CA7E-48CE-BFF2-3FD535DC84BD}
	EndGlobalSection
EndGlobal
